
Microsoft Visual Studio Solution File, Format Version 12.00
# Visual Studio Version 17
VisualStudioVersion = 17.0.32112.339
MinimumVisualStudioVersion = 10.0.40219.1
Project("{FAE04EC0-301F-11D3-BF4B-00C04F79EFBC}") = "NoATask", "NoATask.csproj", "{6328994C-7DC6-4866-9D68-58F03B274369}"
EndProject
Global
	GlobalSection(SolutionConfigurationPlatforms) = preSolution
		Debug|Any CPU = Debug|Any CPU
		Release|Any CPU = Release|Any CPU
	EndGlobalSection
	GlobalSection(ProjectConfigurationPlatforms) = postSolution
		{6328994C-7DC6-4866-9D68-58F03B274369}.Debug|Any CPU.ActiveCfg = Debug|Any CPU
		{6328994C-7DC6-4866-9D68-58F03B274369}.Debug|Any CPU.Build.0 = Debug|Any CPU
		{6328994C-7DC6-4866-9D68-58F03B274369}.Release|Any CPU.ActiveCfg = Release|Any CPU
		{6328994C-7DC6-4866-9D68-58F03B274369}.Release|Any CPU.Build.0 = Release|Any CPU
	EndGlobalSection
	GlobalSection(SolutionProperties) = preSolution
		HideSolutionNode = FALSE
	EndGlobalSection
	GlobalSection(ExtensibilityGlobals) = postSolution
		SolutionGuid = {0D076D72-A88B-4708-AA72-DE41B033B74E}
	EndGlobalSection
EndGlobal
